
Microsoft Visual Studio Solution File, Format Version 12.00
# Visual Studio 15
VisualStudioVersion = 15.0.27428.2037
MinimumVisualStudioVersion = 10.0.40219.1
Project("{FAE04EC0-301F-11D3-BF4B-00C04F79EFBC}") = "SOEN7481.Utility", "SOEN7481.Utility\SOEN7481.Utility.csproj", "{92F4D179-E3F9-4B41-946C-FAD5BB8CD75B}"
EndProject
Global
	GlobalSection(SolutionConfigurationPlatforms) = preSolution
		Debug|Any CPU = Debug|Any CPU
		Release|Any CPU = Release|Any CPU
	EndGlobalSection
	GlobalSection(ProjectConfigurationPlatforms) = postSolution
		{92F4D179-E3F9-4B41-946C-FAD5BB8CD75B}.Debug|Any CPU.ActiveCfg = Debug|Any CPU
		{92F4D179-E3F9-4B41-946C-FAD5BB8CD75B}.Debug|Any CPU.Build.0 = Debug|Any CPU
		{92F4D179-E3F9-4B41-946C-FAD5BB8CD75B}.Release|Any CPU.ActiveCfg = Release|Any CPU
		{92F4D179-E3F9-4B41-946C-FAD5BB8CD75B}.Release|Any CPU.Build.0 = Release|Any CPU
	EndGlobalSection
	GlobalSection(SolutionProperties) = preSolution
		HideSolutionNode = FALSE
	EndGlobalSection
	GlobalSection(ExtensibilityGlobals) = postSolution
		SolutionGuid = {B2724FCF-6BC3-4380-B09E-8CC47B387898}
	EndGlobalSection
EndGlobal
