
Microsoft Visual Studio Solution File, Format Version 12.00
# Visual Studio 15
VisualStudioVersion = 15.0.28306.52
MinimumVisualStudioVersion = 10.0.40219.1
Project("{FAE04EC0-301F-11D3-BF4B-00C04F79EFBC}") = "SOEN7481.Utility", "SOEN7481.Utility\SOEN7481.Utility.csproj", "{DEED4C32-7AA2-45D7-B53B-9291B2211AA8}"
EndProject
Global
	GlobalSection(SolutionConfigurationPlatforms) = preSolution
		Debug|Any CPU = Debug|Any CPU
		Release|Any CPU = Release|Any CPU
	EndGlobalSection
	GlobalSection(ProjectConfigurationPlatforms) = postSolution
		{DEED4C32-7AA2-45D7-B53B-9291B2211AA8}.Debug|Any CPU.ActiveCfg = Debug|Any CPU
		{DEED4C32-7AA2-45D7-B53B-9291B2211AA8}.Debug|Any CPU.Build.0 = Debug|Any CPU
		{DEED4C32-7AA2-45D7-B53B-9291B2211AA8}.Release|Any CPU.ActiveCfg = Release|Any CPU
		{DEED4C32-7AA2-45D7-B53B-9291B2211AA8}.Release|Any CPU.Build.0 = Release|Any CPU
	EndGlobalSection
	GlobalSection(SolutionProperties) = preSolution
		HideSolutionNode = FALSE
	EndGlobalSection
	GlobalSection(ExtensibilityGlobals) = postSolution
		SolutionGuid = {1EE3D0FC-DED6-4297-8E39-A6E34706BE43}
	EndGlobalSection
EndGlobal
